
Microsoft Visual Studio Solution File, Format Version 12.00
# Visual Studio 15
VisualStudioVersion = 15.0.28307.329
MinimumVisualStudioVersion = 10.0.40219.1
Project("{9A19103F-16F7-4668-BE54-9A1E7A4F7556}") = "Prototype.API.Dapper", "Prototype.API.Dapper\Prototype.API.Dapper.csproj", "{45C80951-1557-40FB-B4E8-F75697A6E94B}"
EndProject
Project("{9A19103F-16F7-4668-BE54-9A1E7A4F7556}") = "Prototype.API.Domain", "Prototype.API.Domain\Prototype.API.Domain.csproj", "{39A193A2-69BF-4800-8CE8-BDCF4BD21A28}"
EndProject
Project("{FAE04EC0-301F-11D3-BF4B-00C04F79EFBC}") = "Prototype.API.DataDapper", "Prototype.API.DataDapper\Prototype.API.DataDapper.csproj", "{AA00B490-B2B4-4FFD-8437-C4396492D710}"
EndProject
Global
	GlobalSection(SolutionConfigurationPlatforms) = preSolution
		Debug|Any CPU = Debug|Any CPU
		Release|Any CPU = Release|Any CPU
	EndGlobalSection
	GlobalSection(ProjectConfigurationPlatforms) = postSolution
		{45C80951-1557-40FB-B4E8-F75697A6E94B}.Debug|Any CPU.ActiveCfg = Debug|Any CPU
		{45C80951-1557-40FB-B4E8-F75697A6E94B}.Debug|Any CPU.Build.0 = Debug|Any CPU
		{45C80951-1557-40FB-B4E8-F75697A6E94B}.Release|Any CPU.ActiveCfg = Release|Any CPU
		{45C80951-1557-40FB-B4E8-F75697A6E94B}.Release|Any CPU.Build.0 = Release|Any CPU
		{39A193A2-69BF-4800-8CE8-BDCF4BD21A28}.Debug|Any CPU.ActiveCfg = Debug|Any CPU
		{39A193A2-69BF-4800-8CE8-BDCF4BD21A28}.Debug|Any CPU.Build.0 = Debug|Any CPU
		{39A193A2-69BF-4800-8CE8-BDCF4BD21A28}.Release|Any CPU.ActiveCfg = Release|Any CPU
		{39A193A2-69BF-4800-8CE8-BDCF4BD21A28}.Release|Any CPU.Build.0 = Release|Any CPU
		{AA00B490-B2B4-4FFD-8437-C4396492D710}.Debug|Any CPU.ActiveCfg = Debug|Any CPU
		{AA00B490-B2B4-4FFD-8437-C4396492D710}.Debug|Any CPU.Build.0 = Debug|Any CPU
		{AA00B490-B2B4-4FFD-8437-C4396492D710}.Release|Any CPU.ActiveCfg = Release|Any CPU
		{AA00B490-B2B4-4FFD-8437-C4396492D710}.Release|Any CPU.Build.0 = Release|Any CPU
	EndGlobalSection
	GlobalSection(SolutionProperties) = preSolution
		HideSolutionNode = FALSE
	EndGlobalSection
	GlobalSection(ExtensibilityGlobals) = postSolution
		SolutionGuid = {816FEF7C-057B-44A4-9CAC-0D5F0AF96283}
	EndGlobalSection
EndGlobal
